// !$*UTF8*$!
{
	archiveVersion = 1;
	classes = {
	};
	objectVersion = 50;
	objects = {

/* Begin PBXBuildFile section */
		CA8E3467253E58EB005F9919 /* AppDelegate.swift in Sources */ = {isa = PBXBuildFile; fileRef = CA8E3466253E58EB005F9919 /* AppDelegate.swift */; };
		CA8E3469253E58EB005F9919 /* SceneDelegate.swift in Sources */ = {isa = PBXBuildFile; fileRef = CA8E3468253E58EB005F9919 /* SceneDelegate.swift */; };
		CA8E346B253E58EB005F9919 /* ViewController.swift in Sources */ = {isa = PBXBuildFile; fileRef = CA8E346A253E58EB005F9919 /* ViewController.swift */; };
		CA8E346E253E58EB005F9919 /* Main.storyboard in Resources */ = {isa = PBXBuildFile; fileRef = CA8E346C253E58EB005F9919 /* Main.storyboard */; };
		CA8E3470253E58EE005F9919 /* Assets.xcassets in Resources */ = {isa = PBXBuildFile; fileRef = CA8E346F253E58EE005F9919 /* Assets.xcassets */; };
		CA8E3473253E58EE005F9919 /* LaunchScreen.storyboard in Resources */ = {isa = PBXBuildFile; fileRef = CA8E3471253E58EE005F9919 /* LaunchScreen.storyboard */; };
		CA8E347C253EFC26005F9919 /* DemoView.swift in Sources */ = {isa = PBXBuildFile; fileRef = CA8E347B253EFC26005F9919 /* DemoView.swift */; };
		CA8E347F253EFC39005F9919 /* DemoView.xib in Resources */ = {isa = PBXBuildFile; fileRef = CA8E347E253EFC39005F9919 /* DemoView.xib */; };
		CA8E3485253EFD4A005F9919 /* CustomViewController.swift in Sources */ = {isa = PBXBuildFile; fileRef = CA8E3483253EFD4A005F9919 /* CustomViewController.swift */; };
		CA8E348A253EFD7F005F9919 /* CustomViewController.storyboard in Resources */ = {isa = PBXBuildFile; fileRef = CA8E3489253EFD7F005F9919 /* CustomViewController.storyboard */; };
		CA8E348D253F0C07005F9919 /* DemoDelegate.swift in Sources */ = {isa = PBXBuildFile; fileRef = CA8E348C253F0C07005F9919 /* DemoDelegate.swift */; };
/* End PBXBuildFile section */

/* Begin PBXFileReference section */
		CA8E3463253E58EB005F9919 /* ProtocolDemo.app */ = {isa = PBXFileReference; explicitFileType = wrapper.application; includeInIndex = 0; path = ProtocolDemo.app; sourceTree = BUILT_PRODUCTS_DIR; };
		CA8E3466253E58EB005F9919 /* AppDelegate.swift */ = {isa = PBXFileReference; lastKnownFileType = sourcecode.swift; path = AppDelegate.swift; sourceTree = "<group>"; };
		CA8E3468253E58EB005F9919 /* SceneDelegate.swift */ = {isa = PBXFileReference; lastKnownFileType = sourcecode.swift; path = SceneDelegate.swift; sourceTree = "<group>"; };
		CA8E346A253E58EB005F9919 /* ViewController.swift */ = {isa = PBXFileReference; lastKnownFileType = sourcecode.swift; path = ViewController.swift; sourceTree = "<group>"; };
		CA8E346D253E58EB005F9919 /* Base */ = {isa = PBXFileReference; lastKnownFileType = file.storyboard; name = Base; path = Base.lproj/Main.storyboard; sourceTree = "<group>"; };
		CA8E346F253E58EE005F9919 /* Assets.xcassets */ = {isa = PBXFileReference; lastKnownFileType = folder.assetcatalog; path = Assets.xcassets; sourceTree = "<group>"; };
		CA8E3472253E58EE005F9919 /* Base */ = {isa = PBXFileReference; lastKnownFileType = file.storyboard; name = Base; path = Base.lproj/LaunchScreen.storyboard; sourceTree = "<group>"; };
		CA8E3474253E58EE005F9919 /* Info.plist */ = {isa = PBXFileReference; lastKnownFileType = text.plist.xml; path = Info.plist; sourceTree = "<group>"; };
		CA8E347B253EFC26005F9919 /* DemoView.swift */ = {isa = PBXFileReference; lastKnownFileType = sourcecode.swift; path = DemoView.swift; sourceTree = "<group>"; };
		CA8E347E253EFC39005F9919 /* DemoView.xib */ = {isa = PBXFileReference; lastKnownFileType = file.xib; path = DemoView.xib; sourceTree = "<group>"; };
		CA8E3481253EFCCB005F9919 /* ProtocolDemo.entitlements */ = {isa = PBXFileReference; lastKnownFileType = text.plist.entitlements; path = ProtocolDemo.entitlements; sourceTree = "<group>"; };
		CA8E3483253EFD4A005F9919 /* CustomViewController.swift */ = {isa = PBXFileReference; lastKnownFileType = sourcecode.swift; path = CustomViewController.swift; sourceTree = "<group>"; };
		CA8E3489253EFD7F005F9919 /* CustomViewController.storyboard */ = {isa = PBXFileReference; lastKnownFileType = file.storyboard; path = CustomViewController.storyboard; sourceTree = "<group>"; };
		CA8E348C253F0C07005F9919 /* DemoDelegate.swift */ = {isa = PBXFileReference; lastKnownFileType = sourcecode.swift; path = DemoDelegate.swift; sourceTree = "<group>"; };
/* End PBXFileReference section */

/* Begin PBXFrameworksBuildPhase section */
		CA8E3460253E58EB005F9919 /* Frameworks */ = {
			isa = PBXFrameworksBuildPhase;
			buildActionMask = 2147483647;
			files = (
			);
			runOnlyForDeploymentPostprocessing = 0;
		};
/* End PBXFrameworksBuildPhase section */

/* Begin PBXGroup section */
		CA8E345A253E58EB005F9919 = {
			isa = PBXGroup;
			children = (
				CA8E3465253E58EB005F9919 /* ProtocolDemo */,
				CA8E3464253E58EB005F9919 /* Products */,
			);
			sourceTree = "<group>";
		};
		CA8E3464253E58EB005F9919 /* Products */ = {
			isa = PBXGroup;
			children = (
				CA8E3463253E58EB005F9919 /* ProtocolDemo.app */,
			);
			name = Products;
			sourceTree = "<group>";
		};
		CA8E3465253E58EB005F9919 /* ProtocolDemo */ = {
			isa = PBXGroup;
			children = (
				CA8E3481253EFCCB005F9919 /* ProtocolDemo.entitlements */,
				CA8E3466253E58EB005F9919 /* AppDelegate.swift */,
				CA8E3468253E58EB005F9919 /* SceneDelegate.swift */,
				CA8E346A253E58EB005F9919 /* ViewController.swift */,
				CA8E3483253EFD4A005F9919 /* CustomViewController.swift */,
				CA8E348C253F0C07005F9919 /* DemoDelegate.swift */,
				CA8E3489253EFD7F005F9919 /* CustomViewController.storyboard */,
				CA8E347B253EFC26005F9919 /* DemoView.swift */,
				CA8E347E253EFC39005F9919 /* DemoView.xib */,
				CA8E346C253E58EB005F9919 /* Main.storyboard */,
				CA8E346F253E58EE005F9919 /* Assets.xcassets */,
				CA8E3471253E58EE005F9919 /* LaunchScreen.storyboard */,
				CA8E3474253E58EE005F9919 /* Info.plist */,
			);
			path = ProtocolDemo;
			sourceTree = "<group>";
		};
/* End PBXGroup section */

/* Begin PBXNativeTarget section */
		CA8E3462253E58EB005F9919 /* ProtocolDemo */ = {
			isa = PBXNativeTarget;
			buildConfigurationList = CA8E3477253E58EE005F9919 /* Build configuration list for PBXNativeTarget "ProtocolDemo" */;
			buildPhases = (
				CA8E345F253E58EB005F9919 /* Sources */,
				CA8E3460253E58EB005F9919 /* Frameworks */,
				CA8E3461253E58EB005F9919 /* Resources */,
			);
			buildRules = (
			);
			dependencies = (
			);
			name = ProtocolDemo;
			productName = ProtocolDemo;
			productReference = CA8E3463253E58EB005F9919 /* ProtocolDemo.app */;
			productType = "com.apple.product-type.application";
		};
/* End PBXNativeTarget section */

/* Begin PBXProject section */
		CA8E345B253E58EB005F9919 /* Project object */ = {
			isa = PBXProject;
			attributes = {
				LastSwiftUpdateCheck = 1200;
				LastUpgradeCheck = 1200;
				TargetAttributes = {
					CA8E3462253E58EB005F9919 = {
						CreatedOnToolsVersion = 12.0.1;
					};
				};
			};
			buildConfigurationList = CA8E345E253E58EB005F9919 /* Build configuration list for PBXProject "ProtocolDemo" */;
			compatibilityVersion = "Xcode 9.3";
			developmentRegion = en;
			hasScannedForEncodings = 0;
			knownRegions = (
				en,
				Base,
			);
			mainGroup = CA8E345A253E58EB005F9919;
			productRefGroup = CA8E3464253E58EB005F9919 /* Products */;
			projectDirPath = "";
			projectRoot = "";
			targets = (
				CA8E3462253E58EB005F9919 /* ProtocolDemo */,
			);
		};
/* End PBXProject section */

/* Begin PBXResourcesBuildPhase section */
		CA8E3461253E58EB005F9919 /* Resources */ = {
			isa = PBXResourcesBuildPhase;
			buildActionMask = 2147483647;
			files = (
				CA8E3473253E58EE005F9919 /* LaunchScreen.storyboard in Resources */,
				CA8E347F253EFC39005F9919 /* DemoView.xib in Resources */,
				CA8E3470253E58EE005F9919 /* Assets.xcassets in Resources */,
				CA8E346E253E58EB005F9919 /* Main.storyboard in Resources */,
				CA8E348A253EFD7F005F9919 /* CustomViewController.storyboard in Resources */,
			);
			runOnlyForDeploymentPostprocessing = 0;
		};
/* End PBXResourcesBuildPhase section */

/* Begin PBXSourcesBuildPhase section */
		CA8E345F253E58EB005F9919 /* Sources */ = {
			isa = PBXSourcesBuildPhase;
			buildActionMask = 2147483647;
			files = (
				CA8E346B253E58EB005F9919 /* ViewController.swift in Sources */,
				CA8E348D253F0C07005F9919 /* DemoDelegate.swift in Sources */,
				CA8E347C253EFC26005F9919 /* DemoView.swift in Sources */,
				CA8E3485253EFD4A005F9919 /* CustomViewController.swift in Sources */,
				CA8E3467253E58EB005F9919 /* AppDelegate.swift in Sources */,
				CA8E3469253E58EB005F9919 /* SceneDelegate.swift in Sources */,
			);
			runOnlyForDeploymentPostprocessing = 0;
		};
/* End PBXSourcesBuildPhase section */

/* Begin PBXVariantGroup section */
		CA8E346C253E58EB005F9919 /* Main.storyboard */ = {
			isa = PBXVariantGroup;
			children = (
				CA8E346D253E58EB005F9919 /* Base */,
			);
			name = Main.storyboard;
			sourceTree = "<group>";
		};
		CA8E3471253E58EE005F9919 /* LaunchScreen.storyboard */ = {
			isa = PBXVariantGroup;
			children = (
				CA8E3472253E58EE005F9919 /* Base */,
			);
			name = LaunchScreen.storyboard;
			sourceTree = "<group>";
		};
/* End PBXVariantGroup section */

/* Begin XCBuildConfiguration section */
		CA8E3475253E58EE005F9919 /* Debug */ = {
			isa = XCBuildConfiguration;
			buildSettings = {
				ALWAYS_SEARCH_USER_PATHS = NO;
				CLANG_ANALYZER_NONNULL = YES;
				CLANG_ANALYZER_NUMBER_OBJECT_CONVERSION = YES_AGGRESSIVE;
				CLANG_CXX_LANGUAGE_STANDARD = "gnu++14";
				CLANG_CXX_LIBRARY = "libc++";
				CLANG_ENABLE_MODULES = YES;
				CLANG_ENABLE_OBJC_ARC = YES;
				CLANG_ENABLE_OBJC_WEAK = YES;
				CLANG_WARN_BLOCK_CAPTURE_AUTORELEASING = YES;
				CLANG_WARN_BOOL_CONVERSION = YES;
				CLANG_WARN_COMMA = YES;
				CLANG_WARN_CONSTANT_CONVERSION = YES;
				CLANG_WARN_DEPRECATED_OBJC_IMPLEMENTATIONS = YES;
				CLANG_WARN_DIRECT_OBJC_ISA_USAGE = YES_ERROR;
				CLANG_WARN_DOCUMENTATION_COMMENTS = YES;
				CLANG_WARN_EMPTY_BODY = YES;
				CLANG_WARN_ENUM_CONVERSION = YES;
				CLANG_WARN_INFINITE_RECURSION = YES;
				CLANG_WARN_INT_CONVERSION = YES;
				CLANG_WARN_NON_LITERAL_NULL_CONVERSION = YES;
				CLANG_WARN_OBJC_IMPLICIT_RETAIN_SELF = YES;
				CLANG_WARN_OBJC_LITERAL_CONVERSION = YES;
				CLANG_WARN_OBJC_ROOT_CLASS = YES_ERROR;
				CLANG_WARN_QUOTED_INCLUDE_IN_FRAMEWORK_HEADER = YES;
				CLANG_WARN_RANGE_LOOP_ANALYSIS = YES;
				CLANG_WARN_STRICT_PROTOTYPES = YES;
				CLANG_WARN_SUSPICIOUS_MOVE = YES;
				CLANG_WARN_UNGUARDED_AVAILABILITY = YES_AGGRESSIVE;
				CLANG_WARN_UNREACHABLE_CODE = YES;
				CLANG_WARN__DUPLICATE_METHOD_MATCH = YES;
				COPY_PHASE_STRIP = NO;
				DEBUG_INFORMATION_FORMAT = dwarf;
				ENABLE_STRICT_OBJC_MSGSEND = YES;
				ENABLE_TESTABILITY = YES;
				GCC_C_LANGUAGE_STANDARD = gnu11;
				GCC_DYNAMIC_NO_PIC = NO;
				GCC_NO_COMMON_BLOCKS = YES;
				GCC_OPTIMIZATION_LEVEL = 0;
				GCC_PREPROCESSOR_DEFINITIONS = (
					"DEBUG=1",
					"$(inherited)",
				);
				GCC_WARN_64_TO_32_BIT_CONVERSION = YES;
				GCC_WARN_ABOUT_RETURN_TYPE = YES_ERROR;
				GCC_WARN_UNDECLARED_SELECTOR = YES;
				GCC_WARN_UNINITIALIZED_AUTOS = YES_AGGRESSIVE;
				GCC_WARN_UNUSED_FUNCTION = YES;
				GCC_WARN_UNUSED_VARIABLE = YES;
				IPHONEOS_DEPLOYMENT_TARGET = 14.0;
				MTL_ENABLE_DEBUG_INFO = INCLUDE_SOURCE;
				MTL_FAST_MATH = YES;
				ONLY_ACTIVE_ARCH = YES;
				SDKROOT = iphoneos;
				SWIFT_ACTIVE_COMPILATION_CONDITIONS = DEBUG;
				SWIFT_OPTIMIZATION_LEVEL = "-Onone";
			};
			name = Debug;
		};
		CA8E3476253E58EE005F9919 /* Release */ = {
			isa = XCBuildConfiguration;
			buildSettings = {
				ALWAYS_SEARCH_USER_PATHS = NO;
				CLANG_ANALYZER_NONNULL = YES;
				CLANG_ANALYZER_NUMBER_OBJECT_CONVERSION = YES_AGGRESSIVE;
				CLANG_CXX_LANGUAGE_STANDARD = "gnu++14";
				CLANG_CXX_LIBRARY = "libc++";
				CLANG_ENABLE_MODULES = YES;
				CLANG_ENABLE_OBJC_ARC = YES;
				CLANG_ENABLE_OBJC_WEAK = YES;
				CLANG_WARN_BLOCK_CAPTURE_AUTORELEASING = YES;
				CLANG_WARN_BOOL_CONVERSION = YES;
				CLANG_WARN_COMMA = YES;
				CLANG_WARN_CONSTANT_CONVERSION = YES;
				CLANG_WARN_DEPRECATED_OBJC_IMPLEMENTATIONS = YES;
				CLANG_WARN_DIRECT_OBJC_ISA_USAGE = YES_ERROR;
				CLANG_WARN_DOCUMENTATION_COMMENTS = YES;
				CLANG_WARN_EMPTY_BODY = YES;
				CLANG_WARN_ENUM_CONVERSION = YES;
				CLANG_WARN_INFINITE_RECURSION = YES;
				CLANG_WARN_INT_CONVERSION = YES;
				CLANG_WARN_NON_LITERAL_NULL_CONVERSION = YES;
				CLANG_WARN_OBJC_IMPLICIT_RETAIN_SELF = YES;
				CLANG_WARN_OBJC_LITERAL_CONVERSION = YES;
				CLANG_WARN_OBJC_ROOT_CLASS = YES_ERROR;
				CLANG_WARN_QUOTED_INCLUDE_IN_FRAMEWORK_HEADER = YES;
				CLANG_WARN_RANGE_LOOP_ANALYSIS = YES;
				CLANG_WARN_STRICT_PROTOTYPES = YES;
				CLANG_WARN_SUSPICIOUS_MOVE = YES;
				CLANG_WARN_UNGUARDED_AVAILABILITY = YES_AGGRESSIVE;
				CLANG_WARN_UNREACHABLE_CODE = YES;
				CLANG_WARN__DUPLICATE_METHOD_MATCH = YES;
				COPY_PHASE_STRIP = NO;
				DEBUG_INFORMATION_FORMAT = "dwarf-with-dsym";
				ENABLE_NS_ASSERTIONS = NO;
				ENABLE_STRICT_OBJC_MSGSEND = YES;
				GCC_C_LANGUAGE_STANDARD = gnu11;
				GCC_NO_COMMON_BLOCKS = YES;
				GCC_WARN_64_TO_32_BIT_CONVERSION = YES;
				GCC_WARN_ABOUT_RETURN_TYPE = YES_ERROR;
				GCC_WARN_UNDECLARED_SELECTOR = YES;
				GCC_WARN_UNINITIALIZED_AUTOS = YES_AGGRESSIVE;
				GCC_WARN_UNUSED_FUNCTION = YES;
				GCC_WARN_UNUSED_VARIABLE = YES;
				IPHONEOS_DEPLOYMENT_TARGET = 14.0;
				MTL_ENABLE_DEBUG_INFO = NO;
				MTL_FAST_MATH = YES;
				SDKROOT = iphoneos;
				SWIFT_COMPILATION_MODE = wholemodule;
				SWIFT_OPTIMIZATION_LEVEL = "-O";
				VALIDATE_PRODUCT = YES;
			};
			name = Release;
		};
		CA8E3478253E58EE005F9919 /* Debug */ = {
			isa = XCBuildConfiguration;
			buildSettings = {
				ASSETCATALOG_COMPILER_APPICON_NAME = AppIcon;
				ASSETCATALOG_COMPILER_GLOBAL_ACCENT_COLOR_NAME = AccentColor;
				CODE_SIGN_ENTITLEMENTS = ProtocolDemo/ProtocolDemo.entitlements;
				CODE_SIGN_STYLE = Automatic;
				DEVELOPMENT_TEAM = EYTHSR6MP4;
				INFOPLIST_FILE = ProtocolDemo/Info.plist;
				LD_RUNPATH_SEARCH_PATHS = (
					"$(inherited)",
					"@executable_path/Frameworks",
				);
				PRODUCT_BUNDLE_IDENTIFIER = Hamoonjm.ProtocolDemo;
				PRODUCT_NAME = "$(TARGET_NAME)";
				SUPPORTS_MACCATALYST = YES;
				SWIFT_VERSION = 5.0;
				TARGETED_DEVICE_FAMILY = "1,2";
			};
			name = Debug;
		};
		CA8E3479253E58EE005F9919 /* Release */ = {
			isa = XCBuildConfiguration;
			buildSettings = {
				ASSETCATALOG_COMPILER_APPICON_NAME = AppIcon;
				ASSETCATALOG_COMPILER_GLOBAL_ACCENT_COLOR_NAME = AccentColor;
				CODE_SIGN_ENTITLEMENTS = ProtocolDemo/ProtocolDemo.entitlements;
				CODE_SIGN_STYLE = Automatic;
				DEVELOPMENT_TEAM = EYTHSR6MP4;
				INFOPLIST_FILE = ProtocolDemo/Info.plist;
				LD_RUNPATH_SEARCH_PATHS = (
					"$(inherited)",
					"@executable_path/Frameworks",
				);
				PRODUCT_BUNDLE_IDENTIFIER = Hamoonjm.ProtocolDemo;
				PRODUCT_NAME = "$(TARGET_NAME)";
				SUPPORTS_MACCATALYST = YES;
				SWIFT_VERSION = 5.0;
				TARGETED_DEVICE_FAMILY = "1,2";
			};
			name = Release;
		};
/* End XCBuildConfiguration section */

/* Begin XCConfigurationList section */
		CA8E345E253E58EB005F9919 /* Build configuration list for PBXProject "ProtocolDemo" */ = {
			isa = XCConfigurationList;
			buildConfigurations = (
				CA8E3475253E58EE005F9919 /* Debug */,
				CA8E3476253E58EE005F9919 /* Release */,
			);
			defaultConfigurationIsVisible = 0;
			defaultConfigurationName = Release;
		};
		CA8E3477253E58EE005F9919 /* Build configuration list for PBXNativeTarget "ProtocolDemo" */ = {
			isa = XCConfigurationList;
			buildConfigurations = (
				CA8E3478253E58EE005F9919 /* Debug */,
				CA8E3479253E58EE005F9919 /* Release */,
			);
			defaultConfigurationIsVisible = 0;
			defaultConfigurationName = Release;
		};
/* End XCConfigurationList section */
	};
	rootObject = CA8E345B253E58EB005F9919 /* Project object */;
}
